
Microsoft Visual Studio Solution File, Format Version 12.00
# Visual Studio Version 16
VisualStudioVersion = 16.0.31129.286
MinimumVisualStudioVersion = 10.0.40219.1
Project("{FAE04EC0-301F-11D3-BF4B-00C04F79EFBC}") = "testCoreWithAngular", "testCoreWithAngular\testCoreWithAngular.csproj", "{0C33EC58-5E94-4448-8C15-35700FC55263}"
EndProject
Global
	GlobalSection(SolutionConfigurationPlatforms) = preSolution
		Debug|Any CPU = Debug|Any CPU
		Release|Any CPU = Release|Any CPU
	EndGlobalSection
	GlobalSection(ProjectConfigurationPlatforms) = postSolution
		{0C33EC58-5E94-4448-8C15-35700FC55263}.Debug|Any CPU.ActiveCfg = Debug|Any CPU
		{0C33EC58-5E94-4448-8C15-35700FC55263}.Debug|Any CPU.Build.0 = Debug|Any CPU
		{0C33EC58-5E94-4448-8C15-35700FC55263}.Release|Any CPU.ActiveCfg = Release|Any CPU
		{0C33EC58-5E94-4448-8C15-35700FC55263}.Release|Any CPU.Build.0 = Release|Any CPU
	EndGlobalSection
	GlobalSection(SolutionProperties) = preSolution
		HideSolutionNode = FALSE
	EndGlobalSection
	GlobalSection(ExtensibilityGlobals) = postSolution
		SolutionGuid = {840DB063-8A36-43C2-A3E7-E15BCDF38B40}
	EndGlobalSection
EndGlobal
